// !$*UTF8*$!
{
	archiveVersion = 1;
	classes = {
	};
	objectVersion = 46;
	objects = {

/* Begin PBXBuildFile section */
		375557241BB438B700E0C38D /* AppDelegate.swift in Sources */ = {isa = PBXBuildFile; fileRef = 375557231BB438B700E0C38D /* AppDelegate.swift */; };
		375557261BB438B700E0C38D /* ViewController.swift in Sources */ = {isa = PBXBuildFile; fileRef = 375557251BB438B700E0C38D /* ViewController.swift */; };
		3755572B1BB438B800E0C38D /* Assets.xcassets in Resources */ = {isa = PBXBuildFile; fileRef = 3755572A1BB438B800E0C38D /* Assets.xcassets */; };
		3755572E1BB438B800E0C38D /* LaunchScreen.storyboard in Resources */ = {isa = PBXBuildFile; fileRef = 3755572C1BB438B800E0C38D /* LaunchScreen.storyboard */; };
/* End PBXBuildFile section */

/* Begin PBXFileReference section */
		375557201BB438B700E0C38D /* StoryboardLess.app */ = {isa = PBXFileReference; explicitFileType = wrapper.application; includeInIndex = 0; path = StoryboardLess.app; sourceTree = BUILT_PRODUCTS_DIR; };
		375557231BB438B700E0C38D /* AppDelegate.swift */ = {isa = PBXFileReference; lastKnownFileType = sourcecode.swift; path = AppDelegate.swift; sourceTree = "<group>"; };
		375557251BB438B700E0C38D /* ViewController.swift */ = {isa = PBXFileReference; lastKnownFileType = sourcecode.swift; path = ViewController.swift; sourceTree = "<group>"; };
		3755572A1BB438B800E0C38D /* Assets.xcassets */ = {isa = PBXFileReference; lastKnownFileType = folder.assetcatalog; path = Assets.xcassets; sourceTree = "<group>"; };
		3755572D1BB438B800E0C38D /* Base */ = {isa = PBXFileReference; lastKnownFileType = file.storyboard; name = Base; path = Base.lproj/LaunchScreen.storyboard; sourceTree = "<group>"; };
		3755572F1BB438B800E0C38D /* Info.plist */ = {isa = PBXFileReference; lastKnownFileType = text.plist.xml; path = Info.plist; sourceTree = "<group>"; };
/* End PBXFileReference section */

/* Begin PBXFrameworksBuildPhase section */
		3755571D1BB438B700E0C38D /* Frameworks */ = {
			isa = PBXFrameworksBuildPhase;
			buildActionMask = 2147483647;
			files = (
			);
			runOnlyForDeploymentPostprocessing = 0;
		};
/* End PBXFrameworksBuildPhase section */

/* Begin PBXGroup section */
		375557171BB438B700E0C38D = {
			isa = PBXGroup;
			children = (
				375557221BB438B700E0C38D /* StoryboardLess */,
				375557211BB438B700E0C38D /* Products */,
			);
			sourceTree = "<group>";
		};
		375557211BB438B700E0C38D /* Products */ = {
			isa = PBXGroup;
			children = (
				375557201BB438B700E0C38D /* StoryboardLess.app */,
			);
			name = Products;
			sourceTree = "<group>";
		};
		375557221BB438B700E0C38D /* StoryboardLess */ = {
			isa = PBXGroup;
			children = (
				375557231BB438B700E0C38D /* AppDelegate.swift */,
				375557251BB438B700E0C38D /* ViewController.swift */,
				3755572A1BB438B800E0C38D /* Assets.xcassets */,
				3755572C1BB438B800E0C38D /* LaunchScreen.storyboard */,
				3755572F1BB438B800E0C38D /* Info.plist */,
			);
			path = StoryboardLess;
			sourceTree = "<group>";
		};
/* End PBXGroup section */

/* Begin PBXNativeTarget section */
		3755571F1BB438B700E0C38D /* StoryboardLess */ = {
			isa = PBXNativeTarget;
			buildConfigurationList = 375557321BB438B800E0C38D /* Build configuration list for PBXNativeTarget "StoryboardLess" */;
			buildPhases = (
				3755571C1BB438B700E0C38D /* Sources */,
				3755571D1BB438B700E0C38D /* Frameworks */,
				3755571E1BB438B700E0C38D /* Resources */,
			);
			buildRules = (
			);
			dependencies = (
			);
			name = StoryboardLess;
			productName = StoryboardLess;
			productReference = 375557201BB438B700E0C38D /* StoryboardLess.app */;
			productType = "com.apple.product-type.application";
		};
/* End PBXNativeTarget section */

/* Begin PBXProject section */
		375557181BB438B700E0C38D /* Project object */ = {
			isa = PBXProject;
			attributes = {
				LastUpgradeCheck = 0700;
				ORGANIZATIONNAME = "Anjel Villafranco";
				TargetAttributes = {
					3755571F1BB438B700E0C38D = {
						CreatedOnToolsVersion = 7.0;
					};
				};
			};
			buildConfigurationList = 3755571B1BB438B700E0C38D /* Build configuration list for PBXProject "StoryboardLess" */;
			compatibilityVersion = "Xcode 3.2";
			developmentRegion = English;
			hasScannedForEncodings = 0;
			knownRegions = (
				en,
				Base,
			);
			mainGroup = 375557171BB438B700E0C38D;
			productRefGroup = 375557211BB438B700E0C38D /* Products */;
			projectDirPath = "";
			projectRoot = "";
			targets = (
				3755571F1BB438B700E0C38D /* StoryboardLess */,
			);
		};
/* End PBXProject section */

/* Begin PBXResourcesBuildPhase section */
		3755571E1BB438B700E0C38D /* Resources */ = {
			isa = PBXResourcesBuildPhase;
			buildActionMask = 2147483647;
			files = (
				3755572E1BB438B800E0C38D /* LaunchScreen.storyboard in Resources */,
				3755572B1BB438B800E0C38D /* Assets.xcassets in Resources */,
			);
			runOnlyForDeploymentPostprocessing = 0;
		};
/* End PBXResourcesBuildPhase section */

/* Begin PBXSourcesBuildPhase section */
		3755571C1BB438B700E0C38D /* Sources */ = {
			isa = PBXSourcesBuildPhase;
			buildActionMask = 2147483647;
			files = (
				375557261BB438B700E0C38D /* ViewController.swift in Sources */,
				375557241BB438B700E0C38D /* AppDelegate.swift in Sources */,
			);
			runOnlyForDeploymentPostprocessing = 0;
		};
/* End PBXSourcesBuildPhase section */

/* Begin PBXVariantGroup section */
		3755572C1BB438B800E0C38D /* LaunchScreen.storyboard */ = {
			isa = PBXVariantGroup;
			children = (
				3755572D1BB438B800E0C38D /* Base */,
			);
			name = LaunchScreen.storyboard;
			sourceTree = "<group>";
		};
/* End PBXVariantGroup section */

/* Begin XCBuildConfiguration section */
		375557301BB438B800E0C38D /* Debug */ = {
			isa = XCBuildConfiguration;
			buildSettings = {
				ALWAYS_SEARCH_USER_PATHS = NO;
				CLANG_CXX_LANGUAGE_STANDARD = "gnu++0x";
				CLANG_CXX_LIBRARY = "libc++";
				CLANG_ENABLE_MODULES = YES;
				CLANG_ENABLE_OBJC_ARC = YES;
				CLANG_WARN_BOOL_CONVERSION = YES;
				CLANG_WARN_CONSTANT_CONVERSION = YES;
				CLANG_WARN_DIRECT_OBJC_ISA_USAGE = YES_ERROR;
				CLANG_WARN_EMPTY_BODY = YES;
				CLANG_WARN_ENUM_CONVERSION = YES;
				CLANG_WARN_INT_CONVERSION = YES;
				CLANG_WARN_OBJC_ROOT_CLASS = YES_ERROR;
				CLANG_WARN_UNREACHABLE_CODE = YES;
				CLANG_WARN__DUPLICATE_METHOD_MATCH = YES;
				"CODE_SIGN_IDENTITY[sdk=iphoneos*]" = "iPhone Developer";
				COPY_PHASE_STRIP = NO;
				DEBUG_INFORMATION_FORMAT = dwarf;
				ENABLE_STRICT_OBJC_MSGSEND = YES;
				ENABLE_TESTABILITY = YES;
				GCC_C_LANGUAGE_STANDARD = gnu99;
				GCC_DYNAMIC_NO_PIC = NO;
				GCC_NO_COMMON_BLOCKS = YES;
				GCC_OPTIMIZATION_LEVEL = 0;
				GCC_PREPROCESSOR_DEFINITIONS = (
					"DEBUG=1",
					"$(inherited)",
				);
				GCC_WARN_64_TO_32_BIT_CONVERSION = YES;
				GCC_WARN_ABOUT_RETURN_TYPE = YES_ERROR;
				GCC_WARN_UNDECLARED_SELECTOR = YES;
				GCC_WARN_UNINITIALIZED_AUTOS = YES_AGGRESSIVE;
				GCC_WARN_UNUSED_FUNCTION = YES;
				GCC_WARN_UNUSED_VARIABLE = YES;
				IPHONEOS_DEPLOYMENT_TARGET = 9.0;
				MTL_ENABLE_DEBUG_INFO = YES;
				ONLY_ACTIVE_ARCH = YES;
				SDKROOT = iphoneos;
				SWIFT_OPTIMIZATION_LEVEL = "-Onone";
			};
			name = Debug;
		};
		375557311BB438B800E0C38D /* Release */ = {
			isa = XCBuildConfiguration;
			buildSettings = {
				ALWAYS_SEARCH_USER_PATHS = NO;
				CLANG_CXX_LANGUAGE_STANDARD = "gnu++0x";
				CLANG_CXX_LIBRARY = "libc++";
				CLANG_ENABLE_MODULES = YES;
				CLANG_ENABLE_OBJC_ARC = YES;
				CLANG_WARN_BOOL_CONVERSION = YES;
				CLANG_WARN_CONSTANT_CONVERSION = YES;
				CLANG_WARN_DIRECT_OBJC_ISA_USAGE = YES_ERROR;
				CLANG_WARN_EMPTY_BODY = YES;
				CLANG_WARN_ENUM_CONVERSION = YES;
				CLANG_WARN_INT_CONVERSION = YES;
				CLANG_WARN_OBJC_ROOT_CLASS = YES_ERROR;
				CLANG_WARN_UNREACHABLE_CODE = YES;
				CLANG_WARN__DUPLICATE_METHOD_MATCH = YES;
				"CODE_SIGN_IDENTITY[sdk=iphoneos*]" = "iPhone Developer";
				COPY_PHASE_STRIP = NO;
				DEBUG_INFORMATION_FORMAT = "dwarf-with-dsym";
				ENABLE_NS_ASSERTIONS = NO;
				ENABLE_STRICT_OBJC_MSGSEND = YES;
				GCC_C_LANGUAGE_STANDARD = gnu99;
				GCC_NO_COMMON_BLOCKS = YES;
				GCC_WARN_64_TO_32_BIT_CONVERSION = YES;
				GCC_WARN_ABOUT_RETURN_TYPE = YES_ERROR;
				GCC_WARN_UNDECLARED_SELECTOR = YES;
				GCC_WARN_UNINITIALIZED_AUTOS = YES_AGGRESSIVE;
				GCC_WARN_UNUSED_FUNCTION = YES;
				GCC_WARN_UNUSED_VARIABLE = YES;
				IPHONEOS_DEPLOYMENT_TARGET = 9.0;
				MTL_ENABLE_DEBUG_INFO = NO;
				SDKROOT = iphoneos;
				VALIDATE_PRODUCT = YES;
			};
			name = Release;
		};
		375557331BB438B800E0C38D /* Debug */ = {
			isa = XCBuildConfiguration;
			buildSettings = {
				ASSETCATALOG_COMPILER_APPICON_NAME = AppIcon;
				INFOPLIST_FILE = StoryboardLess/Info.plist;
				LD_RUNPATH_SEARCH_PATHS = "$(inherited) @executable_path/Frameworks";
				PRODUCT_BUNDLE_IDENTIFIER = com.anjelvillafranco.StoryboardLess;
				PRODUCT_NAME = "$(TARGET_NAME)";
			};
			name = Debug;
		};
		375557341BB438B800E0C38D /* Release */ = {
			isa = XCBuildConfiguration;
			buildSettings = {
				ASSETCATALOG_COMPILER_APPICON_NAME = AppIcon;
				INFOPLIST_FILE = StoryboardLess/Info.plist;
				LD_RUNPATH_SEARCH_PATHS = "$(inherited) @executable_path/Frameworks";
				PRODUCT_BUNDLE_IDENTIFIER = com.anjelvillafranco.StoryboardLess;
				PRODUCT_NAME = "$(TARGET_NAME)";
			};
			name = Release;
		};
/* End XCBuildConfiguration section */

/* Begin XCConfigurationList section */
		3755571B1BB438B700E0C38D /* Build configuration list for PBXProject "StoryboardLess" */ = {
			isa = XCConfigurationList;
			buildConfigurations = (
				375557301BB438B800E0C38D /* Debug */,
				375557311BB438B800E0C38D /* Release */,
			);
			defaultConfigurationIsVisible = 0;
			defaultConfigurationName = Release;
		};
		375557321BB438B800E0C38D /* Build configuration list for PBXNativeTarget "StoryboardLess" */ = {
			isa = XCConfigurationList;
			buildConfigurations = (
				375557331BB438B800E0C38D /* Debug */,
				375557341BB438B800E0C38D /* Release */,
			);
			defaultConfigurationIsVisible = 0;
		};
/* End XCConfigurationList section */
	};
	rootObject = 375557181BB438B700E0C38D /* Project object */;
}
