// !$*UTF8*$!
{
	archiveVersion = 1;
	classes = {
	};
	objectVersion = 46;
	objects = {

/* Begin PBXBuildFile section */
		37B3433A1BB974F700EFCEB3 /* AppDelegate.swift in Sources */ = {isa = PBXBuildFile; fileRef = 37B343391BB974F700EFCEB3 /* AppDelegate.swift */; };
		37B3433F1BB974F700EFCEB3 /* Main.storyboard in Resources */ = {isa = PBXBuildFile; fileRef = 37B3433D1BB974F700EFCEB3 /* Main.storyboard */; };
		37B343411BB974F700EFCEB3 /* Assets.xcassets in Resources */ = {isa = PBXBuildFile; fileRef = 37B343401BB974F700EFCEB3 /* Assets.xcassets */; };
		37B343441BB974F700EFCEB3 /* LaunchScreen.storyboard in Resources */ = {isa = PBXBuildFile; fileRef = 37B343421BB974F700EFCEB3 /* LaunchScreen.storyboard */; };
		37B3434C1BB9788600EFCEB3 /* ListTableViewController.swift in Sources */ = {isa = PBXBuildFile; fileRef = 37B3434B1BB9788600EFCEB3 /* ListTableViewController.swift */; settings = {ASSET_TAGS = (); }; };
/* End PBXBuildFile section */

/* Begin PBXFileReference section */
		37B343361BB974F700EFCEB3 /* TheList.app */ = {isa = PBXFileReference; explicitFileType = wrapper.application; includeInIndex = 0; path = TheList.app; sourceTree = BUILT_PRODUCTS_DIR; };
		37B343391BB974F700EFCEB3 /* AppDelegate.swift */ = {isa = PBXFileReference; lastKnownFileType = sourcecode.swift; path = AppDelegate.swift; sourceTree = "<group>"; };
		37B3433E1BB974F700EFCEB3 /* Base */ = {isa = PBXFileReference; lastKnownFileType = file.storyboard; name = Base; path = Base.lproj/Main.storyboard; sourceTree = "<group>"; };
		37B343401BB974F700EFCEB3 /* Assets.xcassets */ = {isa = PBXFileReference; lastKnownFileType = folder.assetcatalog; path = Assets.xcassets; sourceTree = "<group>"; };
		37B343431BB974F700EFCEB3 /* Base */ = {isa = PBXFileReference; lastKnownFileType = file.storyboard; name = Base; path = Base.lproj/LaunchScreen.storyboard; sourceTree = "<group>"; };
		37B343451BB974F700EFCEB3 /* Info.plist */ = {isa = PBXFileReference; lastKnownFileType = text.plist.xml; path = Info.plist; sourceTree = "<group>"; };
		37B3434B1BB9788600EFCEB3 /* ListTableViewController.swift */ = {isa = PBXFileReference; fileEncoding = 4; lastKnownFileType = sourcecode.swift; path = ListTableViewController.swift; sourceTree = "<group>"; };
		37B3434D1BB97CBD00EFCEB3 /* MyPlayground.playground */ = {isa = PBXFileReference; lastKnownFileType = file.playground; path = MyPlayground.playground; sourceTree = "<group>"; };
/* End PBXFileReference section */

/* Begin PBXFrameworksBuildPhase section */
		37B343331BB974F700EFCEB3 /* Frameworks */ = {
			isa = PBXFrameworksBuildPhase;
			buildActionMask = 2147483647;
			files = (
			);
			runOnlyForDeploymentPostprocessing = 0;
		};
/* End PBXFrameworksBuildPhase section */

/* Begin PBXGroup section */
		37B3432D1BB974F700EFCEB3 = {
			isa = PBXGroup;
			children = (
				37B343381BB974F700EFCEB3 /* TheList */,
				37B343371BB974F700EFCEB3 /* Products */,
			);
			sourceTree = "<group>";
		};
		37B343371BB974F700EFCEB3 /* Products */ = {
			isa = PBXGroup;
			children = (
				37B343361BB974F700EFCEB3 /* TheList.app */,
			);
			name = Products;
			sourceTree = "<group>";
		};
		37B343381BB974F700EFCEB3 /* TheList */ = {
			isa = PBXGroup;
			children = (
				37B3434B1BB9788600EFCEB3 /* ListTableViewController.swift */,
				37B343391BB974F700EFCEB3 /* AppDelegate.swift */,
				37B3433D1BB974F700EFCEB3 /* Main.storyboard */,
				37B343401BB974F700EFCEB3 /* Assets.xcassets */,
				37B343421BB974F700EFCEB3 /* LaunchScreen.storyboard */,
				37B343451BB974F700EFCEB3 /* Info.plist */,
				37B3434D1BB97CBD00EFCEB3 /* MyPlayground.playground */,
			);
			path = TheList;
			sourceTree = "<group>";
		};
/* End PBXGroup section */

/* Begin PBXNativeTarget section */
		37B343351BB974F700EFCEB3 /* TheList */ = {
			isa = PBXNativeTarget;
			buildConfigurationList = 37B343481BB974F700EFCEB3 /* Build configuration list for PBXNativeTarget "TheList" */;
			buildPhases = (
				37B343321BB974F700EFCEB3 /* Sources */,
				37B343331BB974F700EFCEB3 /* Frameworks */,
				37B343341BB974F700EFCEB3 /* Resources */,
			);
			buildRules = (
			);
			dependencies = (
			);
			name = TheList;
			productName = TheList;
			productReference = 37B343361BB974F700EFCEB3 /* TheList.app */;
			productType = "com.apple.product-type.application";
		};
/* End PBXNativeTarget section */

/* Begin PBXProject section */
		37B3432E1BB974F700EFCEB3 /* Project object */ = {
			isa = PBXProject;
			attributes = {
				LastUpgradeCheck = 0700;
				ORGANIZATIONNAME = "Anjel Villafranco";
				TargetAttributes = {
					37B343351BB974F700EFCEB3 = {
						CreatedOnToolsVersion = 7.0;
					};
				};
			};
			buildConfigurationList = 37B343311BB974F700EFCEB3 /* Build configuration list for PBXProject "TheList" */;
			compatibilityVersion = "Xcode 3.2";
			developmentRegion = English;
			hasScannedForEncodings = 0;
			knownRegions = (
				en,
				Base,
			);
			mainGroup = 37B3432D1BB974F700EFCEB3;
			productRefGroup = 37B343371BB974F700EFCEB3 /* Products */;
			projectDirPath = "";
			projectRoot = "";
			targets = (
				37B343351BB974F700EFCEB3 /* TheList */,
			);
		};
/* End PBXProject section */

/* Begin PBXResourcesBuildPhase section */
		37B343341BB974F700EFCEB3 /* Resources */ = {
			isa = PBXResourcesBuildPhase;
			buildActionMask = 2147483647;
			files = (
				37B343441BB974F700EFCEB3 /* LaunchScreen.storyboard in Resources */,
				37B343411BB974F700EFCEB3 /* Assets.xcassets in Resources */,
				37B3433F1BB974F700EFCEB3 /* Main.storyboard in Resources */,
			);
			runOnlyForDeploymentPostprocessing = 0;
		};
/* End PBXResourcesBuildPhase section */

/* Begin PBXSourcesBuildPhase section */
		37B343321BB974F700EFCEB3 /* Sources */ = {
			isa = PBXSourcesBuildPhase;
			buildActionMask = 2147483647;
			files = (
				37B3433A1BB974F700EFCEB3 /* AppDelegate.swift in Sources */,
				37B3434C1BB9788600EFCEB3 /* ListTableViewController.swift in Sources */,
			);
			runOnlyForDeploymentPostprocessing = 0;
		};
/* End PBXSourcesBuildPhase section */

/* Begin PBXVariantGroup section */
		37B3433D1BB974F700EFCEB3 /* Main.storyboard */ = {
			isa = PBXVariantGroup;
			children = (
				37B3433E1BB974F700EFCEB3 /* Base */,
			);
			name = Main.storyboard;
			sourceTree = "<group>";
		};
		37B343421BB974F700EFCEB3 /* LaunchScreen.storyboard */ = {
			isa = PBXVariantGroup;
			children = (
				37B343431BB974F700EFCEB3 /* Base */,
			);
			name = LaunchScreen.storyboard;
			sourceTree = "<group>";
		};
/* End PBXVariantGroup section */

/* Begin XCBuildConfiguration section */
		37B343461BB974F700EFCEB3 /* Debug */ = {
			isa = XCBuildConfiguration;
			buildSettings = {
				ALWAYS_SEARCH_USER_PATHS = NO;
				CLANG_CXX_LANGUAGE_STANDARD = "gnu++0x";
				CLANG_CXX_LIBRARY = "libc++";
				CLANG_ENABLE_MODULES = YES;
				CLANG_ENABLE_OBJC_ARC = YES;
				CLANG_WARN_BOOL_CONVERSION = YES;
				CLANG_WARN_CONSTANT_CONVERSION = YES;
				CLANG_WARN_DIRECT_OBJC_ISA_USAGE = YES_ERROR;
				CLANG_WARN_EMPTY_BODY = YES;
				CLANG_WARN_ENUM_CONVERSION = YES;
				CLANG_WARN_INT_CONVERSION = YES;
				CLANG_WARN_OBJC_ROOT_CLASS = YES_ERROR;
				CLANG_WARN_UNREACHABLE_CODE = YES;
				CLANG_WARN__DUPLICATE_METHOD_MATCH = YES;
				"CODE_SIGN_IDENTITY[sdk=iphoneos*]" = "iPhone Developer";
				COPY_PHASE_STRIP = NO;
				DEBUG_INFORMATION_FORMAT = dwarf;
				ENABLE_STRICT_OBJC_MSGSEND = YES;
				ENABLE_TESTABILITY = YES;
				GCC_C_LANGUAGE_STANDARD = gnu99;
				GCC_DYNAMIC_NO_PIC = NO;
				GCC_NO_COMMON_BLOCKS = YES;
				GCC_OPTIMIZATION_LEVEL = 0;
				GCC_PREPROCESSOR_DEFINITIONS = (
					"DEBUG=1",
					"$(inherited)",
				);
				GCC_WARN_64_TO_32_BIT_CONVERSION = YES;
				GCC_WARN_ABOUT_RETURN_TYPE = YES_ERROR;
				GCC_WARN_UNDECLARED_SELECTOR = YES;
				GCC_WARN_UNINITIALIZED_AUTOS = YES_AGGRESSIVE;
				GCC_WARN_UNUSED_FUNCTION = YES;
				GCC_WARN_UNUSED_VARIABLE = YES;
				IPHONEOS_DEPLOYMENT_TARGET = 9.0;
				MTL_ENABLE_DEBUG_INFO = YES;
				ONLY_ACTIVE_ARCH = YES;
				SDKROOT = iphoneos;
				SWIFT_OPTIMIZATION_LEVEL = "-Onone";
			};
			name = Debug;
		};
		37B343471BB974F700EFCEB3 /* Release */ = {
			isa = XCBuildConfiguration;
			buildSettings = {
				ALWAYS_SEARCH_USER_PATHS = NO;
				CLANG_CXX_LANGUAGE_STANDARD = "gnu++0x";
				CLANG_CXX_LIBRARY = "libc++";
				CLANG_ENABLE_MODULES = YES;
				CLANG_ENABLE_OBJC_ARC = YES;
				CLANG_WARN_BOOL_CONVERSION = YES;
				CLANG_WARN_CONSTANT_CONVERSION = YES;
				CLANG_WARN_DIRECT_OBJC_ISA_USAGE = YES_ERROR;
				CLANG_WARN_EMPTY_BODY = YES;
				CLANG_WARN_ENUM_CONVERSION = YES;
				CLANG_WARN_INT_CONVERSION = YES;
				CLANG_WARN_OBJC_ROOT_CLASS = YES_ERROR;
				CLANG_WARN_UNREACHABLE_CODE = YES;
				CLANG_WARN__DUPLICATE_METHOD_MATCH = YES;
				"CODE_SIGN_IDENTITY[sdk=iphoneos*]" = "iPhone Developer";
				COPY_PHASE_STRIP = NO;
				DEBUG_INFORMATION_FORMAT = "dwarf-with-dsym";
				ENABLE_NS_ASSERTIONS = NO;
				ENABLE_STRICT_OBJC_MSGSEND = YES;
				GCC_C_LANGUAGE_STANDARD = gnu99;
				GCC_NO_COMMON_BLOCKS = YES;
				GCC_WARN_64_TO_32_BIT_CONVERSION = YES;
				GCC_WARN_ABOUT_RETURN_TYPE = YES_ERROR;
				GCC_WARN_UNDECLARED_SELECTOR = YES;
				GCC_WARN_UNINITIALIZED_AUTOS = YES_AGGRESSIVE;
				GCC_WARN_UNUSED_FUNCTION = YES;
				GCC_WARN_UNUSED_VARIABLE = YES;
				IPHONEOS_DEPLOYMENT_TARGET = 9.0;
				MTL_ENABLE_DEBUG_INFO = NO;
				SDKROOT = iphoneos;
				VALIDATE_PRODUCT = YES;
			};
			name = Release;
		};
		37B343491BB974F700EFCEB3 /* Debug */ = {
			isa = XCBuildConfiguration;
			buildSettings = {
				ASSETCATALOG_COMPILER_APPICON_NAME = AppIcon;
				INFOPLIST_FILE = TheList/Info.plist;
				LD_RUNPATH_SEARCH_PATHS = "$(inherited) @executable_path/Frameworks";
				PRODUCT_BUNDLE_IDENTIFIER = com.anjelvillafranco.TheList;
				PRODUCT_NAME = "$(TARGET_NAME)";
			};
			name = Debug;
		};
		37B3434A1BB974F700EFCEB3 /* Release */ = {
			isa = XCBuildConfiguration;
			buildSettings = {
				ASSETCATALOG_COMPILER_APPICON_NAME = AppIcon;
				INFOPLIST_FILE = TheList/Info.plist;
				LD_RUNPATH_SEARCH_PATHS = "$(inherited) @executable_path/Frameworks";
				PRODUCT_BUNDLE_IDENTIFIER = com.anjelvillafranco.TheList;
				PRODUCT_NAME = "$(TARGET_NAME)";
			};
			name = Release;
		};
/* End XCBuildConfiguration section */

/* Begin XCConfigurationList section */
		37B343311BB974F700EFCEB3 /* Build configuration list for PBXProject "TheList" */ = {
			isa = XCConfigurationList;
			buildConfigurations = (
				37B343461BB974F700EFCEB3 /* Debug */,
				37B343471BB974F700EFCEB3 /* Release */,
			);
			defaultConfigurationIsVisible = 0;
			defaultConfigurationName = Release;
		};
		37B343481BB974F700EFCEB3 /* Build configuration list for PBXNativeTarget "TheList" */ = {
			isa = XCConfigurationList;
			buildConfigurations = (
				37B343491BB974F700EFCEB3 /* Debug */,
				37B3434A1BB974F700EFCEB3 /* Release */,
			);
			defaultConfigurationIsVisible = 0;
		};
/* End XCConfigurationList section */
	};
	rootObject = 37B3432E1BB974F700EFCEB3 /* Project object */;
}
